
Microsoft Visual Studio Solution File, Format Version 12.00
# Visual Studio Version 17
VisualStudioVersion = 17.0.32112.339
MinimumVisualStudioVersion = 10.0.40219.1
Project("{9A19103F-16F7-4668-BE54-9A1E7A4F7556}") = "GICutscenes", "src\GICutscenes.csproj", "{C5470A09-88C0-416E-ADE8-FC0E620BE550}"
EndProject
Project("{2150E333-8FDC-42A3-9474-1A3956D46DE8}") = "Éléments de solution", "Éléments de solution", "{343FA304-3C7B-4FD6-81E1-1B18BE4AB164}"
	ProjectSection(SolutionItems) = preProject
		LICENSE = LICENSE
		appsettings.json = appsettings.json
		README.md = README.md
		versions.json = versions.json
	EndProjectSection
EndProject
Global
	GlobalSection(SolutionConfigurationPlatforms) = preSolution
		Debug|Any CPU = Debug|Any CPU
		Release|Any CPU = Release|Any CPU
		Description = An usm decrypter for Genshin
	EndGlobalSection
	GlobalSection(ProjectConfigurationPlatforms) = postSolution
		{C5470A09-88C0-416E-ADE8-FC0E620BE550}.Debug|Any CPU.ActiveCfg = Debug|Any CPU
		{C5470A09-88C0-416E-ADE8-FC0E620BE550}.Debug|Any CPU.Build.0 = Debug|Any CPU
		{C5470A09-88C0-416E-ADE8-FC0E620BE550}.Release|Any CPU.ActiveCfg = Release|Any CPU
		{C5470A09-88C0-416E-ADE8-FC0E620BE550}.Release|Any CPU.Build.0 = Release|Any CPU
	EndGlobalSection
	GlobalSection(SolutionProperties) = preSolution
		HideSolutionNode = FALSE
	EndGlobalSection
	GlobalSection(ExtensibilityGlobals) = postSolution
		SolutionGuid = {E9E11CE5-C9A9-4809-B355-5D82ED05387C}
	EndGlobalSection
EndGlobal
